// !$*UTF8*$!
{
	archiveVersion = 1;
	classes = {
	};
	objectVersion = 46;
	objects = {

/* Begin PBXBuildFile section */
		FC73818D1A4BE1A5004206A4 /* main.m in Sources */ = {isa = PBXBuildFile; fileRef = FC73818C1A4BE1A5004206A4 /* main.m */; };
		FC7381901A4BE1A5004206A4 /* AppDelegate.m in Sources */ = {isa = PBXBuildFile; fileRef = FC73818F1A4BE1A5004206A4 /* AppDelegate.m */; };
		FC7381931A4BE1A5004206A4 /* ViewController.m in Sources */ = {isa = PBXBuildFile; fileRef = FC7381921A4BE1A5004206A4 /* ViewController.m */; };
		FC7381961A4BE1A5004206A4 /* Main.storyboard in Resources */ = {isa = PBXBuildFile; fileRef = FC7381941A4BE1A5004206A4 /* Main.storyboard */; };
		FC7381981A4BE1A5004206A4 /* Images.xcassets in Resources */ = {isa = PBXBuildFile; fileRef = FC7381971A4BE1A5004206A4 /* Images.xcassets */; };
		FC73819B1A4BE1A5004206A4 /* LaunchScreen.xib in Resources */ = {isa = PBXBuildFile; fileRef = FC7381991A4BE1A5004206A4 /* LaunchScreen.xib */; };
		FC7381A71A4BE1A5004206A4 /* EFTimeTests.m in Sources */ = {isa = PBXBuildFile; fileRef = FC7381A61A4BE1A5004206A4 /* EFTimeTests.m */; };
/* End PBXBuildFile section */

/* Begin PBXContainerItemProxy section */
		FC7381A11A4BE1A5004206A4 /* PBXContainerItemProxy */ = {
			isa = PBXContainerItemProxy;
			containerPortal = FC73817F1A4BE1A5004206A4 /* Project object */;
			proxyType = 1;
			remoteGlobalIDString = FC7381861A4BE1A5004206A4;
			remoteInfo = EFTime;
		};
/* End PBXContainerItemProxy section */

/* Begin PBXFileReference section */
		FC7381871A4BE1A5004206A4 /* EFTime.app */ = {isa = PBXFileReference; explicitFileType = wrapper.application; includeInIndex = 0; path = EFTime.app; sourceTree = BUILT_PRODUCTS_DIR; };
		FC73818B1A4BE1A5004206A4 /* Info.plist */ = {isa = PBXFileReference; lastKnownFileType = text.plist.xml; path = Info.plist; sourceTree = "<group>"; };
		FC73818C1A4BE1A5004206A4 /* main.m */ = {isa = PBXFileReference; lastKnownFileType = sourcecode.c.objc; path = main.m; sourceTree = "<group>"; };
		FC73818E1A4BE1A5004206A4 /* AppDelegate.h */ = {isa = PBXFileReference; lastKnownFileType = sourcecode.c.h; path = AppDelegate.h; sourceTree = "<group>"; };
		FC73818F1A4BE1A5004206A4 /* AppDelegate.m */ = {isa = PBXFileReference; lastKnownFileType = sourcecode.c.objc; path = AppDelegate.m; sourceTree = "<group>"; };
		FC7381911A4BE1A5004206A4 /* ViewController.h */ = {isa = PBXFileReference; lastKnownFileType = sourcecode.c.h; path = ViewController.h; sourceTree = "<group>"; };
		FC7381921A4BE1A5004206A4 /* ViewController.m */ = {isa = PBXFileReference; lastKnownFileType = sourcecode.c.objc; path = ViewController.m; sourceTree = "<group>"; };
		FC7381951A4BE1A5004206A4 /* Base */ = {isa = PBXFileReference; lastKnownFileType = file.storyboard; name = Base; path = Base.lproj/Main.storyboard; sourceTree = "<group>"; };
		FC7381971A4BE1A5004206A4 /* Images.xcassets */ = {isa = PBXFileReference; lastKnownFileType = folder.assetcatalog; path = Images.xcassets; sourceTree = "<group>"; };
		FC73819A1A4BE1A5004206A4 /* Base */ = {isa = PBXFileReference; lastKnownFileType = file.xib; name = Base; path = Base.lproj/LaunchScreen.xib; sourceTree = "<group>"; };
		FC7381A01A4BE1A5004206A4 /* EFTimeTests.xctest */ = {isa = PBXFileReference; explicitFileType = wrapper.cfbundle; includeInIndex = 0; path = EFTimeTests.xctest; sourceTree = BUILT_PRODUCTS_DIR; };
		FC7381A51A4BE1A5004206A4 /* Info.plist */ = {isa = PBXFileReference; lastKnownFileType = text.plist.xml; path = Info.plist; sourceTree = "<group>"; };
		FC7381A61A4BE1A5004206A4 /* EFTimeTests.m */ = {isa = PBXFileReference; lastKnownFileType = sourcecode.c.objc; path = EFTimeTests.m; sourceTree = "<group>"; };
/* End PBXFileReference section */

/* Begin PBXFrameworksBuildPhase section */
		FC7381841A4BE1A5004206A4 /* Frameworks */ = {
			isa = PBXFrameworksBuildPhase;
			buildActionMask = 2147483647;
			files = (
			);
			runOnlyForDeploymentPostprocessing = 0;
		};
		FC73819D1A4BE1A5004206A4 /* Frameworks */ = {
			isa = PBXFrameworksBuildPhase;
			buildActionMask = 2147483647;
			files = (
			);
			runOnlyForDeploymentPostprocessing = 0;
		};
/* End PBXFrameworksBuildPhase section */

/* Begin PBXGroup section */
		FC73817E1A4BE1A5004206A4 = {
			isa = PBXGroup;
			children = (
				FC7381891A4BE1A5004206A4 /* EFTime */,
				FC7381A31A4BE1A5004206A4 /* EFTimeTests */,
				FC7381881A4BE1A5004206A4 /* Products */,
			);
			sourceTree = "<group>";
		};
		FC7381881A4BE1A5004206A4 /* Products */ = {
			isa = PBXGroup;
			children = (
				FC7381871A4BE1A5004206A4 /* EFTime.app */,
				FC7381A01A4BE1A5004206A4 /* EFTimeTests.xctest */,
			);
			name = Products;
			sourceTree = "<group>";
		};
		FC7381891A4BE1A5004206A4 /* EFTime */ = {
			isa = PBXGroup;
			children = (
				FC73818E1A4BE1A5004206A4 /* AppDelegate.h */,
				FC73818F1A4BE1A5004206A4 /* AppDelegate.m */,
				FC7381911A4BE1A5004206A4 /* ViewController.h */,
				FC7381921A4BE1A5004206A4 /* ViewController.m */,
				FC7381941A4BE1A5004206A4 /* Main.storyboard */,
				FC7381971A4BE1A5004206A4 /* Images.xcassets */,
				FC7381991A4BE1A5004206A4 /* LaunchScreen.xib */,
				FC73818A1A4BE1A5004206A4 /* Supporting Files */,
			);
			path = EFTime;
			sourceTree = "<group>";
		};
		FC73818A1A4BE1A5004206A4 /* Supporting Files */ = {
			isa = PBXGroup;
			children = (
				FC73818B1A4BE1A5004206A4 /* Info.plist */,
				FC73818C1A4BE1A5004206A4 /* main.m */,
			);
			name = "Supporting Files";
			sourceTree = "<group>";
		};
		FC7381A31A4BE1A5004206A4 /* EFTimeTests */ = {
			isa = PBXGroup;
			children = (
				FC7381A61A4BE1A5004206A4 /* EFTimeTests.m */,
				FC7381A41A4BE1A5004206A4 /* Supporting Files */,
			);
			path = EFTimeTests;
			sourceTree = "<group>";
		};
		FC7381A41A4BE1A5004206A4 /* Supporting Files */ = {
			isa = PBXGroup;
			children = (
				FC7381A51A4BE1A5004206A4 /* Info.plist */,
			);
			name = "Supporting Files";
			sourceTree = "<group>";
		};
/* End PBXGroup section */

/* Begin PBXNativeTarget section */
		FC7381861A4BE1A5004206A4 /* EFTime */ = {
			isa = PBXNativeTarget;
			buildConfigurationList = FC7381AA1A4BE1A5004206A4 /* Build configuration list for PBXNativeTarget "EFTime" */;
			buildPhases = (
				FC7381831A4BE1A5004206A4 /* Sources */,
				FC7381841A4BE1A5004206A4 /* Frameworks */,
				FC7381851A4BE1A5004206A4 /* Resources */,
			);
			buildRules = (
			);
			dependencies = (
			);
			name = EFTime;
			productName = EFTime;
			productReference = FC7381871A4BE1A5004206A4 /* EFTime.app */;
			productType = "com.apple.product-type.application";
		};
		FC73819F1A4BE1A5004206A4 /* EFTimeTests */ = {
			isa = PBXNativeTarget;
			buildConfigurationList = FC7381AD1A4BE1A5004206A4 /* Build configuration list for PBXNativeTarget "EFTimeTests" */;
			buildPhases = (
				FC73819C1A4BE1A5004206A4 /* Sources */,
				FC73819D1A4BE1A5004206A4 /* Frameworks */,
				FC73819E1A4BE1A5004206A4 /* Resources */,
			);
			buildRules = (
			);
			dependencies = (
				FC7381A21A4BE1A5004206A4 /* PBXTargetDependency */,
			);
			name = EFTimeTests;
			productName = EFTimeTests;
			productReference = FC7381A01A4BE1A5004206A4 /* EFTimeTests.xctest */;
			productType = "com.apple.product-type.bundle.unit-test";
		};
/* End PBXNativeTarget section */

/* Begin PBXProject section */
		FC73817F1A4BE1A5004206A4 /* Project object */ = {
			isa = PBXProject;
			attributes = {
				LastUpgradeCheck = 0610;
				ORGANIZATIONNAME = suzq;
				TargetAttributes = {
					FC7381861A4BE1A5004206A4 = {
						CreatedOnToolsVersion = 6.1;
					};
					FC73819F1A4BE1A5004206A4 = {
						CreatedOnToolsVersion = 6.1;
						TestTargetID = FC7381861A4BE1A5004206A4;
					};
				};
			};
			buildConfigurationList = FC7381821A4BE1A5004206A4 /* Build configuration list for PBXProject "EFTime" */;
			compatibilityVersion = "Xcode 3.2";
			developmentRegion = English;
			hasScannedForEncodings = 0;
			knownRegions = (
				en,
				Base,
			);
			mainGroup = FC73817E1A4BE1A5004206A4;
			productRefGroup = FC7381881A4BE1A5004206A4 /* Products */;
			projectDirPath = "";
			projectRoot = "";
			targets = (
				FC7381861A4BE1A5004206A4 /* EFTime */,
				FC73819F1A4BE1A5004206A4 /* EFTimeTests */,
			);
		};
/* End PBXProject section */

/* Begin PBXResourcesBuildPhase section */
		FC7381851A4BE1A5004206A4 /* Resources */ = {
			isa = PBXResourcesBuildPhase;
			buildActionMask = 2147483647;
			files = (
				FC7381961A4BE1A5004206A4 /* Main.storyboard in Resources */,
				FC73819B1A4BE1A5004206A4 /* LaunchScreen.xib in Resources */,
				FC7381981A4BE1A5004206A4 /* Images.xcassets in Resources */,
			);
			runOnlyForDeploymentPostprocessing = 0;
		};
		FC73819E1A4BE1A5004206A4 /* Resources */ = {
			isa = PBXResourcesBuildPhase;
			buildActionMask = 2147483647;
			files = (
			);
			runOnlyForDeploymentPostprocessing = 0;
		};
/* End PBXResourcesBuildPhase section */

/* Begin PBXSourcesBuildPhase section */
		FC7381831A4BE1A5004206A4 /* Sources */ = {
			isa = PBXSourcesBuildPhase;
			buildActionMask = 2147483647;
			files = (
				FC7381931A4BE1A5004206A4 /* ViewController.m in Sources */,
				FC7381901A4BE1A5004206A4 /* AppDelegate.m in Sources */,
				FC73818D1A4BE1A5004206A4 /* main.m in Sources */,
			);
			runOnlyForDeploymentPostprocessing = 0;
		};
		FC73819C1A4BE1A5004206A4 /* Sources */ = {
			isa = PBXSourcesBuildPhase;
			buildActionMask = 2147483647;
			files = (
				FC7381A71A4BE1A5004206A4 /* EFTimeTests.m in Sources */,
			);
			runOnlyForDeploymentPostprocessing = 0;
		};
/* End PBXSourcesBuildPhase section */

/* Begin PBXTargetDependency section */
		FC7381A21A4BE1A5004206A4 /* PBXTargetDependency */ = {
			isa = PBXTargetDependency;
			target = FC7381861A4BE1A5004206A4 /* EFTime */;
			targetProxy = FC7381A11A4BE1A5004206A4 /* PBXContainerItemProxy */;
		};
/* End PBXTargetDependency section */

/* Begin PBXVariantGroup section */
		FC7381941A4BE1A5004206A4 /* Main.storyboard */ = {
			isa = PBXVariantGroup;
			children = (
				FC7381951A4BE1A5004206A4 /* Base */,
			);
			name = Main.storyboard;
			sourceTree = "<group>";
		};
		FC7381991A4BE1A5004206A4 /* LaunchScreen.xib */ = {
			isa = PBXVariantGroup;
			children = (
				FC73819A1A4BE1A5004206A4 /* Base */,
			);
			name = LaunchScreen.xib;
			sourceTree = "<group>";
		};
/* End PBXVariantGroup section */

/* Begin XCBuildConfiguration section */
		FC7381A81A4BE1A5004206A4 /* Debug */ = {
			isa = XCBuildConfiguration;
			buildSettings = {
				ALWAYS_SEARCH_USER_PATHS = NO;
				CLANG_CXX_LANGUAGE_STANDARD = "gnu++0x";
				CLANG_CXX_LIBRARY = "libc++";
				CLANG_ENABLE_MODULES = YES;
				CLANG_ENABLE_OBJC_ARC = YES;
				CLANG_WARN_BOOL_CONVERSION = YES;
				CLANG_WARN_CONSTANT_CONVERSION = YES;
				CLANG_WARN_DIRECT_OBJC_ISA_USAGE = YES_ERROR;
				CLANG_WARN_EMPTY_BODY = YES;
				CLANG_WARN_ENUM_CONVERSION = YES;
				CLANG_WARN_INT_CONVERSION = YES;
				CLANG_WARN_OBJC_ROOT_CLASS = YES_ERROR;
				CLANG_WARN_UNREACHABLE_CODE = YES;
				CLANG_WARN__DUPLICATE_METHOD_MATCH = YES;
				"CODE_SIGN_IDENTITY[sdk=iphoneos*]" = "iPhone Developer";
				COPY_PHASE_STRIP = NO;
				ENABLE_STRICT_OBJC_MSGSEND = YES;
				GCC_C_LANGUAGE_STANDARD = gnu99;
				GCC_DYNAMIC_NO_PIC = NO;
				GCC_OPTIMIZATION_LEVEL = 0;
				GCC_PREPROCESSOR_DEFINITIONS = (
					"DEBUG=1",
					"$(inherited)",
				);
				GCC_SYMBOLS_PRIVATE_EXTERN = NO;
				GCC_WARN_64_TO_32_BIT_CONVERSION = YES;
				GCC_WARN_ABOUT_RETURN_TYPE = YES_ERROR;
				GCC_WARN_UNDECLARED_SELECTOR = YES;
				GCC_WARN_UNINITIALIZED_AUTOS = YES_AGGRESSIVE;
				GCC_WARN_UNUSED_FUNCTION = YES;
				GCC_WARN_UNUSED_VARIABLE = YES;
				IPHONEOS_DEPLOYMENT_TARGET = 8.1;
				MTL_ENABLE_DEBUG_INFO = YES;
				ONLY_ACTIVE_ARCH = YES;
				SDKROOT = iphoneos;
				TARGETED_DEVICE_FAMILY = "1,2";
			};
			name = Debug;
		};
		FC7381A91A4BE1A5004206A4 /* Release */ = {
			isa = XCBuildConfiguration;
			buildSettings = {
				ALWAYS_SEARCH_USER_PATHS = NO;
				CLANG_CXX_LANGUAGE_STANDARD = "gnu++0x";
				CLANG_CXX_LIBRARY = "libc++";
				CLANG_ENABLE_MODULES = YES;
				CLANG_ENABLE_OBJC_ARC = YES;
				CLANG_WARN_BOOL_CONVERSION = YES;
				CLANG_WARN_CONSTANT_CONVERSION = YES;
				CLANG_WARN_DIRECT_OBJC_ISA_USAGE = YES_ERROR;
				CLANG_WARN_EMPTY_BODY = YES;
				CLANG_WARN_ENUM_CONVERSION = YES;
				CLANG_WARN_INT_CONVERSION = YES;
				CLANG_WARN_OBJC_ROOT_CLASS = YES_ERROR;
				CLANG_WARN_UNREACHABLE_CODE = YES;
				CLANG_WARN__DUPLICATE_METHOD_MATCH = YES;
				"CODE_SIGN_IDENTITY[sdk=iphoneos*]" = "iPhone Developer";
				COPY_PHASE_STRIP = YES;
				ENABLE_NS_ASSERTIONS = NO;
				ENABLE_STRICT_OBJC_MSGSEND = YES;
				GCC_C_LANGUAGE_STANDARD = gnu99;
				GCC_WARN_64_TO_32_BIT_CONVERSION = YES;
				GCC_WARN_ABOUT_RETURN_TYPE = YES_ERROR;
				GCC_WARN_UNDECLARED_SELECTOR = YES;
				GCC_WARN_UNINITIALIZED_AUTOS = YES_AGGRESSIVE;
				GCC_WARN_UNUSED_FUNCTION = YES;
				GCC_WARN_UNUSED_VARIABLE = YES;
				IPHONEOS_DEPLOYMENT_TARGET = 8.1;
				MTL_ENABLE_DEBUG_INFO = NO;
				SDKROOT = iphoneos;
				TARGETED_DEVICE_FAMILY = "1,2";
				VALIDATE_PRODUCT = YES;
			};
			name = Release;
		};
		FC7381AB1A4BE1A5004206A4 /* Debug */ = {
			isa = XCBuildConfiguration;
			buildSettings = {
				ASSETCATALOG_COMPILER_APPICON_NAME = AppIcon;
				INFOPLIST_FILE = EFTime/Info.plist;
				LD_RUNPATH_SEARCH_PATHS = "$(inherited) @executable_path/Frameworks";
				PRODUCT_NAME = "$(TARGET_NAME)";
			};
			name = Debug;
		};
		FC7381AC1A4BE1A5004206A4 /* Release */ = {
			isa = XCBuildConfiguration;
			buildSettings = {
				ASSETCATALOG_COMPILER_APPICON_NAME = AppIcon;
				INFOPLIST_FILE = EFTime/Info.plist;
				LD_RUNPATH_SEARCH_PATHS = "$(inherited) @executable_path/Frameworks";
				PRODUCT_NAME = "$(TARGET_NAME)";
			};
			name = Release;
		};
		FC7381AE1A4BE1A5004206A4 /* Debug */ = {
			isa = XCBuildConfiguration;
			buildSettings = {
				BUNDLE_LOADER = "$(TEST_HOST)";
				FRAMEWORK_SEARCH_PATHS = (
					"$(SDKROOT)/Developer/Library/Frameworks",
					"$(inherited)",
				);
				GCC_PREPROCESSOR_DEFINITIONS = (
					"DEBUG=1",
					"$(inherited)",
				);
				INFOPLIST_FILE = EFTimeTests/Info.plist;
				LD_RUNPATH_SEARCH_PATHS = "$(inherited) @executable_path/Frameworks @loader_path/Frameworks";
				PRODUCT_NAME = "$(TARGET_NAME)";
				TEST_HOST = "$(BUILT_PRODUCTS_DIR)/EFTime.app/EFTime";
			};
			name = Debug;
		};
		FC7381AF1A4BE1A5004206A4 /* Release */ = {
			isa = XCBuildConfiguration;
			buildSettings = {
				BUNDLE_LOADER = "$(TEST_HOST)";
				FRAMEWORK_SEARCH_PATHS = (
					"$(SDKROOT)/Developer/Library/Frameworks",
					"$(inherited)",
				);
				INFOPLIST_FILE = EFTimeTests/Info.plist;
				LD_RUNPATH_SEARCH_PATHS = "$(inherited) @executable_path/Frameworks @loader_path/Frameworks";
				PRODUCT_NAME = "$(TARGET_NAME)";
				TEST_HOST = "$(BUILT_PRODUCTS_DIR)/EFTime.app/EFTime";
			};
			name = Release;
		};
/* End XCBuildConfiguration section */

/* Begin XCConfigurationList section */
		FC7381821A4BE1A5004206A4 /* Build configuration list for PBXProject "EFTime" */ = {
			isa = XCConfigurationList;
			buildConfigurations = (
				FC7381A81A4BE1A5004206A4 /* Debug */,
				FC7381A91A4BE1A5004206A4 /* Release */,
			);
			defaultConfigurationIsVisible = 0;
			defaultConfigurationName = Release;
		};
		FC7381AA1A4BE1A5004206A4 /* Build configuration list for PBXNativeTarget "EFTime" */ = {
			isa = XCConfigurationList;
			buildConfigurations = (
				FC7381AB1A4BE1A5004206A4 /* Debug */,
				FC7381AC1A4BE1A5004206A4 /* Release */,
			);
			defaultConfigurationIsVisible = 0;
		};
		FC7381AD1A4BE1A5004206A4 /* Build configuration list for PBXNativeTarget "EFTimeTests" */ = {
			isa = XCConfigurationList;
			buildConfigurations = (
				FC7381AE1A4BE1A5004206A4 /* Debug */,
				FC7381AF1A4BE1A5004206A4 /* Release */,
			);
			defaultConfigurationIsVisible = 0;
		};
/* End XCConfigurationList section */
	};
	rootObject = FC73817F1A4BE1A5004206A4 /* Project object */;
}
